PODS:
  - AFNetworking (3.0.4):
    - AFNetworking/NSURLSession (= 3.0.4)
    - AFNetworking/Reachability (= 3.0.4)
    - AFNetworking/Security (= 3.0.4)
    - AFNetworking/Serialization (= 3.0.4)
    - AFNetworking/UIKit (= 3.0.4)
  - AFNetworking/NSURLSession (3.0.4):
    - AFNetworking/Reachability
    - AFNetworking/Security
    - AFNetworking/Serialization
  - AFNetworking/Reachability (3.0.4)
  - AFNetworking/Security (3.0.4)
  - AFNetworking/Serialization (3.0.4)
  - AFNetworking/UIKit (3.0.4):
    - AFNetworking/NSURLSession
  - BDBOAuth1Manager (2.0.0):
    - AFNetworking/NSURLSession (~> 3.0.0)
  - Bolts/Tasks (1.6.0)
  - MBProgressHUD (0.9.2)
  - Parse (1.13.0):
    - Bolts/Tasks (~> 1.6)
<<<<<<< HEAD
=======
  - RATreeView (2.1.0)
>>>>>>> bd7123e1268fd94e6a3c9615c4bd552585700d74

DEPENDENCIES:
  - AFNetworking
  - BDBOAuth1Manager
  - MBProgressHUD
  - Parse
<<<<<<< HEAD
=======
  - RATreeView
>>>>>>> bd7123e1268fd94e6a3c9615c4bd552585700d74

SPEC CHECKSUMS:
  AFNetworking: a0075feb321559dc78d9d85b55d11caa19eabb93
  BDBOAuth1Manager: 92d17d06f8a648602962304cd2f35ae7394fa001
  Bolts: f52a250053bb517ca874523c3913776359ab3def
  MBProgressHUD: 1569cf7ace17a8bac47aabfbb8580a49690386d1
  Parse: f51c24d2feb412e4b2d6cc73d37cb24e8d0089bc
<<<<<<< HEAD
=======
  RATreeView: fc82ec26b8be18cfa0f5f99a5abbe6be68edb21f
>>>>>>> bd7123e1268fd94e6a3c9615c4bd552585700d74

COCOAPODS: 0.39.0
